
Microsoft Visual Studio Solution File, Format Version 12.00
# Visual Studio 15
VisualStudioVersion = 15.0.28307.421
MinimumVisualStudioVersion = 10.0.40219.1
Project("{FAE04EC0-301F-11D3-BF4B-00C04F79EFBC}") = "WpfAppEventSample", "WpfAppEventSample\WpfAppEventSample.csproj", "{EF0D187C-72C5-4190-A5F8-5C76A4A1B6FD}"
EndProject
Global
	GlobalSection(SolutionConfigurationPlatforms) = preSolution
		Debug|Any CPU = Debug|Any CPU
		Release|Any CPU = Release|Any CPU
	EndGlobalSection
	GlobalSection(ProjectConfigurationPlatforms) = postSolution
		{EF0D187C-72C5-4190-A5F8-5C76A4A1B6FD}.Debug|Any CPU.ActiveCfg = Debug|Any CPU
		{EF0D187C-72C5-4190-A5F8-5C76A4A1B6FD}.Debug|Any CPU.Build.0 = Debug|Any CPU
		{EF0D187C-72C5-4190-A5F8-5C76A4A1B6FD}.Release|Any CPU.ActiveCfg = Release|Any CPU
		{EF0D187C-72C5-4190-A5F8-5C76A4A1B6FD}.Release|Any CPU.Build.0 = Release|Any CPU
	EndGlobalSection
	GlobalSection(SolutionProperties) = preSolution
		HideSolutionNode = FALSE
	EndGlobalSection
	GlobalSection(ExtensibilityGlobals) = postSolution
		SolutionGuid = {77E669C2-401D-4D38-974A-BC98546D07CB}
	EndGlobalSection
EndGlobal
