
Microsoft Visual Studio Solution File, Format Version 12.00
# Visual Studio 15
VisualStudioVersion = 15.0.28307.421
MinimumVisualStudioVersion = 10.0.40219.1
Project("{FAE04EC0-301F-11D3-BF4B-00C04F79EFBC}") = "Appxml", "Appxml\Appxml.csproj", "{52BE22FF-81FC-402F-A82A-12F1C28017E3}"
EndProject
Global
	GlobalSection(SolutionConfigurationPlatforms) = preSolution
		Debug|Any CPU = Debug|Any CPU
		Release|Any CPU = Release|Any CPU
	EndGlobalSection
	GlobalSection(ProjectConfigurationPlatforms) = postSolution
		{52BE22FF-81FC-402F-A82A-12F1C28017E3}.Debug|Any CPU.ActiveCfg = Debug|Any CPU
		{52BE22FF-81FC-402F-A82A-12F1C28017E3}.Debug|Any CPU.Build.0 = Debug|Any CPU
		{52BE22FF-81FC-402F-A82A-12F1C28017E3}.Release|Any CPU.ActiveCfg = Release|Any CPU
		{52BE22FF-81FC-402F-A82A-12F1C28017E3}.Release|Any CPU.Build.0 = Release|Any CPU
	EndGlobalSection
	GlobalSection(SolutionProperties) = preSolution
		HideSolutionNode = FALSE
	EndGlobalSection
	GlobalSection(ExtensibilityGlobals) = postSolution
		SolutionGuid = {A331ABAA-DCC8-4F52-8712-3D392D14CE80}
	EndGlobalSection
EndGlobal
